
Microsoft Visual Studio Solution File, Format Version 12.00
# Visual Studio Version 16
VisualStudioVersion = 16.0.31624.102
MinimumVisualStudioVersion = 10.0.40219.1
Project("{FAE04EC0-301F-11D3-BF4B-00C04F79EFBC}") = "Bilgi_Yarismasi", "Bilgi_Yarismasi\Bilgi_Yarismasi.csproj", "{EE23D3C6-DBE5-4712-9683-AF4174BBB2A3}"
EndProject
Global
	GlobalSection(SolutionConfigurationPlatforms) = preSolution
		Debug|Any CPU = Debug|Any CPU
		Release|Any CPU = Release|Any CPU
	EndGlobalSection
	GlobalSection(ProjectConfigurationPlatforms) = postSolution
		{EE23D3C6-DBE5-4712-9683-AF4174BBB2A3}.Debug|Any CPU.ActiveCfg = Debug|Any CPU
		{EE23D3C6-DBE5-4712-9683-AF4174BBB2A3}.Debug|Any CPU.Build.0 = Debug|Any CPU
		{EE23D3C6-DBE5-4712-9683-AF4174BBB2A3}.Release|Any CPU.ActiveCfg = Release|Any CPU
		{EE23D3C6-DBE5-4712-9683-AF4174BBB2A3}.Release|Any CPU.Build.0 = Release|Any CPU
	EndGlobalSection
	GlobalSection(SolutionProperties) = preSolution
		HideSolutionNode = FALSE
	EndGlobalSection
	GlobalSection(ExtensibilityGlobals) = postSolution
		SolutionGuid = {69D567C7-DF5E-43FF-ACEB-55939BE214DC}
	EndGlobalSection
EndGlobal
